
Microsoft Visual Studio Solution File, Format Version 12.00
# Visual Studio Version 17
VisualStudioVersion = 17.1.32421.90
MinimumVisualStudioVersion = 10.0.40219.1
Project("{FAE04EC0-301F-11D3-BF4B-00C04F79EFBC}") = "KullanicilarArasiVeritTabanliMesajlasmaSistemi_KAVTMS", "KullanicilarArasiVeritTabanliMesajlasmaSistemi_KAVTMS\KullanicilarArasiVeritTabanliMesajlasmaSistemi_KAVTMS.csproj", "{CD59DEF0-36DF-4368-A875-7E5CCFAC1579}"
EndProject
Global
	GlobalSection(SolutionConfigurationPlatforms) = preSolution
		Debug|Any CPU = Debug|Any CPU
		Release|Any CPU = Release|Any CPU
	EndGlobalSection
	GlobalSection(ProjectConfigurationPlatforms) = postSolution
		{CD59DEF0-36DF-4368-A875-7E5CCFAC1579}.Debug|Any CPU.ActiveCfg = Debug|Any CPU
		{CD59DEF0-36DF-4368-A875-7E5CCFAC1579}.Debug|Any CPU.Build.0 = Debug|Any CPU
		{CD59DEF0-36DF-4368-A875-7E5CCFAC1579}.Release|Any CPU.ActiveCfg = Release|Any CPU
		{CD59DEF0-36DF-4368-A875-7E5CCFAC1579}.Release|Any CPU.Build.0 = Release|Any CPU
	EndGlobalSection
	GlobalSection(SolutionProperties) = preSolution
		HideSolutionNode = FALSE
	EndGlobalSection
	GlobalSection(ExtensibilityGlobals) = postSolution
		SolutionGuid = {495D540A-E799-4577-9367-AA1CC4F1C9F8}
	EndGlobalSection
EndGlobal
